# This file is automatically @generated by Cargo.
# It is not intended for manual editing.
version = 4

[[package]]
name = "abacus-attest"
version = "0.1.0"
dependencies = [
 "abacus-verifier",
]

[[package]]
name = "abacus-chain"
version = "0.1.0"
dependencies = [
 "abacus-verifier",
]

[[package]]
name = "abacus-verifier"
version = "0.1.0"
